
Microsoft Visual Studio Solution File, Format Version 12.00
# Visual Studio Version 16
VisualStudioVersion = 16.0.30907.101
MinimumVisualStudioVersion = 10.0.40219.1
Project("{FAE04EC0-301F-11D3-BF4B-00C04F79EFBC}") = "PassTest", "PassTest.csproj", "{C20B3F12-7699-4C4D-9088-9733028C5EB3}"
EndProject
Global
	GlobalSection(SolutionConfigurationPlatforms) = preSolution
		Debug|Any CPU = Debug|Any CPU
		Release|Any CPU = Release|Any CPU
	EndGlobalSection
	GlobalSection(ProjectConfigurationPlatforms) = postSolution
		{C20B3F12-7699-4C4D-9088-9733028C5EB3}.Debug|Any CPU.ActiveCfg = Debug|Any CPU
		{C20B3F12-7699-4C4D-9088-9733028C5EB3}.Debug|Any CPU.Build.0 = Debug|Any CPU
		{C20B3F12-7699-4C4D-9088-9733028C5EB3}.Release|Any CPU.ActiveCfg = Release|Any CPU
		{C20B3F12-7699-4C4D-9088-9733028C5EB3}.Release|Any CPU.Build.0 = Release|Any CPU
	EndGlobalSection
	GlobalSection(SolutionProperties) = preSolution
		HideSolutionNode = FALSE
	EndGlobalSection
	GlobalSection(ExtensibilityGlobals) = postSolution
		SolutionGuid = {FDD9CFC2-86F5-4853-A095-9C438DBA2121}
	EndGlobalSection
EndGlobal
